
Microsoft Visual Studio Solution File, Format Version 12.00
# Visual Studio Version 16
VisualStudioVersion = 16.0.31702.278
MinimumVisualStudioVersion = 10.0.40219.1
Project("{FAE04EC0-301F-11D3-BF4B-00C04F79EFBC}") = "Incidencias_Infor", "Incidencias_Infor\Incidencias_Infor.csproj", "{58609088-EA6E-48EC-AB19-7CEB3F390D1B}"
EndProject
Global
	GlobalSection(SolutionConfigurationPlatforms) = preSolution
		Debug|Any CPU = Debug|Any CPU
		Release|Any CPU = Release|Any CPU
	EndGlobalSection
	GlobalSection(ProjectConfigurationPlatforms) = postSolution
		{58609088-EA6E-48EC-AB19-7CEB3F390D1B}.Debug|Any CPU.ActiveCfg = Debug|Any CPU
		{58609088-EA6E-48EC-AB19-7CEB3F390D1B}.Debug|Any CPU.Build.0 = Debug|Any CPU
		{58609088-EA6E-48EC-AB19-7CEB3F390D1B}.Release|Any CPU.ActiveCfg = Release|Any CPU
		{58609088-EA6E-48EC-AB19-7CEB3F390D1B}.Release|Any CPU.Build.0 = Release|Any CPU
	EndGlobalSection
	GlobalSection(SolutionProperties) = preSolution
		HideSolutionNode = FALSE
	EndGlobalSection
	GlobalSection(ExtensibilityGlobals) = postSolution
		SolutionGuid = {C2870942-2AA6-4C70-B74A-79B11F2F9EC9}
	EndGlobalSection
EndGlobal
